
Microsoft Visual Studio Solution File, Format Version 12.00
# Visual Studio 2012
Project("{FAE04EC0-301F-11D3-BF4B-00C04F79EFBC}") = "PostGetMVC", "PostGetMVC\PostGetMVC.csproj", "{A8ED2F44-59E9-45F5-B100-71431F0B73BD}"
EndProject
Global
	GlobalSection(SolutionConfigurationPlatforms) = preSolution
		Debug|Any CPU = Debug|Any CPU
		Release|Any CPU = Release|Any CPU
	EndGlobalSection
	GlobalSection(ProjectConfigurationPlatforms) = postSolution
		{A8ED2F44-59E9-45F5-B100-71431F0B73BD}.Debug|Any CPU.ActiveCfg = Debug|Any CPU
		{A8ED2F44-59E9-45F5-B100-71431F0B73BD}.Debug|Any CPU.Build.0 = Debug|Any CPU
		{A8ED2F44-59E9-45F5-B100-71431F0B73BD}.Release|Any CPU.ActiveCfg = Release|Any CPU
		{A8ED2F44-59E9-45F5-B100-71431F0B73BD}.Release|Any CPU.Build.0 = Release|Any CPU
	EndGlobalSection
	GlobalSection(SolutionProperties) = preSolution
		HideSolutionNode = FALSE
	EndGlobalSection
EndGlobal
